
Microsoft Visual Studio Solution File, Format Version 12.00
Project("{FAE04EC0-301F-11D3-BF4B-00C04F79EFBC}") = "server.loser", "server.loser\server.loser.csproj", "{EAB0FA17-993F-4361-9562-1FE01364FC78}"
EndProject
Project("{FAE04EC0-301F-11D3-BF4B-00C04F79EFBC}") = "client.loser", "client.loser\client.loser.csproj", "{5171DDC2-31D3-4F4E-ABE3-FCDEE58FF9A0}"
EndProject
Global
	GlobalSection(SolutionConfigurationPlatforms) = preSolution
		Debug|Any CPU = Debug|Any CPU
		Release|Any CPU = Release|Any CPU
	EndGlobalSection
	GlobalSection(ProjectConfigurationPlatforms) = postSolution
		{EAB0FA17-993F-4361-9562-1FE01364FC78}.Debug|Any CPU.ActiveCfg = Debug|Any CPU
		{EAB0FA17-993F-4361-9562-1FE01364FC78}.Debug|Any CPU.Build.0 = Debug|Any CPU
		{EAB0FA17-993F-4361-9562-1FE01364FC78}.Release|Any CPU.ActiveCfg = Release|Any CPU
		{EAB0FA17-993F-4361-9562-1FE01364FC78}.Release|Any CPU.Build.0 = Release|Any CPU
		{5171DDC2-31D3-4F4E-ABE3-FCDEE58FF9A0}.Debug|Any CPU.ActiveCfg = Debug|Any CPU
		{5171DDC2-31D3-4F4E-ABE3-FCDEE58FF9A0}.Debug|Any CPU.Build.0 = Debug|Any CPU
		{5171DDC2-31D3-4F4E-ABE3-FCDEE58FF9A0}.Release|Any CPU.ActiveCfg = Release|Any CPU
		{5171DDC2-31D3-4F4E-ABE3-FCDEE58FF9A0}.Release|Any CPU.Build.0 = Release|Any CPU
	EndGlobalSection
EndGlobal
